
Microsoft Visual Studio Solution File, Format Version 12.00
# Visual Studio Version 17
VisualStudioVersion = 17.14.37203.1
MinimumVisualStudioVersion = 10.0.40219.1
Project("{9A19103F-16F7-4668-BE54-9A1E7A4F7556}") = "WebServiceHuevo", "WebServiceHuevo.csproj", "{C1A8B0F1-9F1F-4D5E-9E0B-2F4C1A8B0F11}"
EndProject
Global
	GlobalSection(SolutionConfigurationPlatforms) = preSolution
		Debug|Any CPU = Debug|Any CPU
		Release|Any CPU = Release|Any CPU
	EndGlobalSection
	GlobalSection(ProjectConfigurationPlatforms) = postSolution
		{C1A8B0F1-9F1F-4D5E-9E0B-2F4C1A8B0F11}.Debug|Any CPU.ActiveCfg = Debug|Any CPU
		{C1A8B0F1-9F1F-4D5E-9E0B-2F4C1A8B0F11}.Debug|Any CPU.Build.0 = Debug|Any CPU
		{C1A8B0F1-9F1F-4D5E-9E0B-2F4C1A8B0F11}.Release|Any CPU.ActiveCfg = Release|Any CPU
		{C1A8B0F1-9F1F-4D5E-9E0B-2F4C1A8B0F11}.Release|Any CPU.Build.0 = Release|Any CPU
	EndGlobalSection
	GlobalSection(SolutionProperties) = preSolution
		HideSolutionNode = FALSE
	EndGlobalSection
	GlobalSection(ExtensibilityGlobals) = postSolution
		SolutionGuid = {D4F1E2B3-1234-4567-89AB-CDEF01234567}
	EndGlobalSection
EndGlobal
